// !$*UTF8*$!
{
	archiveVersion = 1;
	classes = {
	};
	objectVersion = 55;
	objects = {

/* Begin PBXBuildFile section */
		8B896EE628C0E4A600B9815E /* DevoteApp.swift in Sources */ = {isa = PBXBuildFile; fileRef = 8B896EE528C0E4A600B9815E /* DevoteApp.swift */; };
		8B896EE828C0E4A600B9815E /* ContentView.swift in Sources */ = {isa = PBXBuildFile; fileRef = 8B896EE728C0E4A600B9815E /* ContentView.swift */; };
		8B896EEA28C0E4AA00B9815E /* Assets.xcassets in Resources */ = {isa = PBXBuildFile; fileRef = 8B896EE928C0E4AA00B9815E /* Assets.xcassets */; };
		8B896EED28C0E4AA00B9815E /* Preview Assets.xcassets in Resources */ = {isa = PBXBuildFile; fileRef = 8B896EEC28C0E4AA00B9815E /* Preview Assets.xcassets */; };
		8B896EEF28C0E4AA00B9815E /* Persistence.swift in Sources */ = {isa = PBXBuildFile; fileRef = 8B896EEE28C0E4AA00B9815E /* Persistence.swift */; };
		8B896EF228C0E4AA00B9815E /* Devote.xcdatamodeld in Sources */ = {isa = PBXBuildFile; fileRef = 8B896EF028C0E4AA00B9815E /* Devote.xcdatamodeld */; };
		8B896EFB28C0E58100B9815E /* sound-ding.mp3 in Resources */ = {isa = PBXBuildFile; fileRef = 8B896EF828C0E58100B9815E /* sound-ding.mp3 */; };
		8B896EFC28C0E58100B9815E /* sound-rise.mp3 in Resources */ = {isa = PBXBuildFile; fileRef = 8B896EF928C0E58100B9815E /* sound-rise.mp3 */; };
		8B896EFD28C0E58100B9815E /* sound-tap.mp3 in Resources */ = {isa = PBXBuildFile; fileRef = 8B896EFA28C0E58100B9815E /* sound-tap.mp3 */; };
		8B896F0628C0ECBE00B9815E /* Constant.swift in Sources */ = {isa = PBXBuildFile; fileRef = 8B896F0528C0ECBE00B9815E /* Constant.swift */; };
/* End PBXBuildFile section */

/* Begin PBXFileReference section */
		8B896EE228C0E4A600B9815E /* Devote.app */ = {isa = PBXFileReference; explicitFileType = wrapper.application; includeInIndex = 0; path = Devote.app; sourceTree = BUILT_PRODUCTS_DIR; };
		8B896EE528C0E4A600B9815E /* DevoteApp.swift */ = {isa = PBXFileReference; lastKnownFileType = sourcecode.swift; path = DevoteApp.swift; sourceTree = "<group>"; };
		8B896EE728C0E4A600B9815E /* ContentView.swift */ = {isa = PBXFileReference; lastKnownFileType = sourcecode.swift; path = ContentView.swift; sourceTree = "<group>"; };
		8B896EE928C0E4AA00B9815E /* Assets.xcassets */ = {isa = PBXFileReference; lastKnownFileType = folder.assetcatalog; path = Assets.xcassets; sourceTree = "<group>"; };
		8B896EEC28C0E4AA00B9815E /* Preview Assets.xcassets */ = {isa = PBXFileReference; lastKnownFileType = folder.assetcatalog; path = "Preview Assets.xcassets"; sourceTree = "<group>"; };
		8B896EEE28C0E4AA00B9815E /* Persistence.swift */ = {isa = PBXFileReference; lastKnownFileType = sourcecode.swift; path = Persistence.swift; sourceTree = "<group>"; };
		8B896EF128C0E4AA00B9815E /* Devote.xcdatamodel */ = {isa = PBXFileReference; lastKnownFileType = wrapper.xcdatamodel; path = Devote.xcdatamodel; sourceTree = "<group>"; };
		8B896EF828C0E58100B9815E /* sound-ding.mp3 */ = {isa = PBXFileReference; lastKnownFileType = audio.mp3; path = "sound-ding.mp3"; sourceTree = "<group>"; };
		8B896EF928C0E58100B9815E /* sound-rise.mp3 */ = {isa = PBXFileReference; lastKnownFileType = audio.mp3; path = "sound-rise.mp3"; sourceTree = "<group>"; };
		8B896EFA28C0E58100B9815E /* sound-tap.mp3 */ = {isa = PBXFileReference; lastKnownFileType = audio.mp3; path = "sound-tap.mp3"; sourceTree = "<group>"; };
		8B896F0228C0E65700B9815E /* Info.plist */ = {isa = PBXFileReference; lastKnownFileType = text.plist; path = Info.plist; sourceTree = "<group>"; };
		8B896F0528C0ECBE00B9815E /* Constant.swift */ = {isa = PBXFileReference; lastKnownFileType = sourcecode.swift; path = Constant.swift; sourceTree = "<group>"; };
/* End PBXFileReference section */

/* Begin PBXFrameworksBuildPhase section */
		8B896EDF28C0E4A600B9815E /* Frameworks */ = {
			isa = PBXFrameworksBuildPhase;
			buildActionMask = 2147483647;
			files = (
			);
			runOnlyForDeploymentPostprocessing = 0;
		};
/* End PBXFrameworksBuildPhase section */

/* Begin PBXGroup section */
		8B896ED928C0E4A600B9815E = {
			isa = PBXGroup;
			children = (
				8B896EE428C0E4A600B9815E /* Devote */,
				8B896EE328C0E4A600B9815E /* Products */,
			);
			sourceTree = "<group>";
		};
		8B896EE328C0E4A600B9815E /* Products */ = {
			isa = PBXGroup;
			children = (
				8B896EE228C0E4A600B9815E /* Devote.app */,
			);
			name = Products;
			sourceTree = "<group>";
		};
		8B896EE428C0E4A600B9815E /* Devote */ = {
			isa = PBXGroup;
			children = (
				8B896F0228C0E65700B9815E /* Info.plist */,
				8B896F0428C0EC7200B9815E /* Presentation */,
				8B896F0028C0E5EB00B9815E /* Data */,
				8B896EEB28C0E4AA00B9815E /* Preview Content */,
			);
			path = Devote;
			sourceTree = "<group>";
		};
		8B896EEB28C0E4AA00B9815E /* Preview Content */ = {
			isa = PBXGroup;
			children = (
				8B896EEC28C0E4AA00B9815E /* Preview Assets.xcassets */,
			);
			path = "Preview Content";
			sourceTree = "<group>";
		};
		8B896EFF28C0E5E300B9815E /* Views */ = {
			isa = PBXGroup;
			children = (
				8B896EE728C0E4A600B9815E /* ContentView.swift */,
			);
			name = Views;
			path = ..;
			sourceTree = "<group>";
		};
		8B896F0028C0E5EB00B9815E /* Data */ = {
			isa = PBXGroup;
			children = (
				8B896EEE28C0E4AA00B9815E /* Persistence.swift */,
				8B896EF028C0E4AA00B9815E /* Devote.xcdatamodeld */,
			);
			path = Data;
			sourceTree = "<group>";
		};
		8B896F0128C0E5FA00B9815E /* Resources */ = {
			isa = PBXGroup;
			children = (
				8B896EE928C0E4AA00B9815E /* Assets.xcassets */,
				8B896EF828C0E58100B9815E /* sound-ding.mp3 */,
				8B896EF928C0E58100B9815E /* sound-rise.mp3 */,
				8B896EFA28C0E58100B9815E /* sound-tap.mp3 */,
			);
			name = Resources;
			path = ..;
			sourceTree = "<group>";
		};
		8B896F0328C0EC5D00B9815E /* Utility */ = {
			isa = PBXGroup;
			children = (
				8B896F0528C0ECBE00B9815E /* Constant.swift */,
			);
			name = Utility;
			path = ..;
			sourceTree = "<group>";
		};
		8B896F0428C0EC7200B9815E /* Presentation */ = {
			isa = PBXGroup;
			children = (
				8B896EE528C0E4A600B9815E /* DevoteApp.swift */,
				8B896EFF28C0E5E300B9815E /* Views */,
				8B896F0328C0EC5D00B9815E /* Utility */,
				8B896F0128C0E5FA00B9815E /* Resources */,
			);
			path = Presentation;
			sourceTree = "<group>";
		};
/* End PBXGroup section */

/* Begin PBXNativeTarget section */
		8B896EE128C0E4A600B9815E /* Devote */ = {
			isa = PBXNativeTarget;
			buildConfigurationList = 8B896EF528C0E4AA00B9815E /* Build configuration list for PBXNativeTarget "Devote" */;
			buildPhases = (
				8B896EDE28C0E4A600B9815E /* Sources */,
				8B896EDF28C0E4A600B9815E /* Frameworks */,
				8B896EE028C0E4A600B9815E /* Resources */,
			);
			buildRules = (
			);
			dependencies = (
			);
			name = Devote;
			productName = Devote;
			productReference = 8B896EE228C0E4A600B9815E /* Devote.app */;
			productType = "com.apple.product-type.application";
		};
/* End PBXNativeTarget section */

/* Begin PBXProject section */
		8B896EDA28C0E4A600B9815E /* Project object */ = {
			isa = PBXProject;
			attributes = {
				BuildIndependentTargetsInParallel = 1;
				LastSwiftUpdateCheck = 1340;
				LastUpgradeCheck = 1340;
				TargetAttributes = {
					8B896EE128C0E4A600B9815E = {
						CreatedOnToolsVersion = 13.4.1;
					};
				};
			};
			buildConfigurationList = 8B896EDD28C0E4A600B9815E /* Build configuration list for PBXProject "Devote" */;
			compatibilityVersion = "Xcode 13.0";
			developmentRegion = en;
			hasScannedForEncodings = 0;
			knownRegions = (
				en,
				Base,
			);
			mainGroup = 8B896ED928C0E4A600B9815E;
			productRefGroup = 8B896EE328C0E4A600B9815E /* Products */;
			projectDirPath = "";
			projectRoot = "";
			targets = (
				8B896EE128C0E4A600B9815E /* Devote */,
			);
		};
/* End PBXProject section */

/* Begin PBXResourcesBuildPhase section */
		8B896EE028C0E4A600B9815E /* Resources */ = {
			isa = PBXResourcesBuildPhase;
			buildActionMask = 2147483647;
			files = (
				8B896EED28C0E4AA00B9815E /* Preview Assets.xcassets in Resources */,
				8B896EFC28C0E58100B9815E /* sound-rise.mp3 in Resources */,
				8B896EEA28C0E4AA00B9815E /* Assets.xcassets in Resources */,
				8B896EFD28C0E58100B9815E /* sound-tap.mp3 in Resources */,
				8B896EFB28C0E58100B9815E /* sound-ding.mp3 in Resources */,
			);
			runOnlyForDeploymentPostprocessing = 0;
		};
/* End PBXResourcesBuildPhase section */

/* Begin PBXSourcesBuildPhase section */
		8B896EDE28C0E4A600B9815E /* Sources */ = {
			isa = PBXSourcesBuildPhase;
			buildActionMask = 2147483647;
			files = (
				8B896EEF28C0E4AA00B9815E /* Persistence.swift in Sources */,
				8B896EE828C0E4A600B9815E /* ContentView.swift in Sources */,
				8B896F0628C0ECBE00B9815E /* Constant.swift in Sources */,
				8B896EF228C0E4AA00B9815E /* Devote.xcdatamodeld in Sources */,
				8B896EE628C0E4A600B9815E /* DevoteApp.swift in Sources */,
			);
			runOnlyForDeploymentPostprocessing = 0;
		};
/* End PBXSourcesBuildPhase section */

/* Begin XCBuildConfiguration section */
		8B896EF328C0E4AA00B9815E /* Debug */ = {
			isa = XCBuildConfiguration;
			buildSettings = {
				ALWAYS_SEARCH_USER_PATHS = NO;
				CLANG_ANALYZER_NONNULL = YES;
				CLANG_ANALYZER_NUMBER_OBJECT_CONVERSION = YES_AGGRESSIVE;
				CLANG_CXX_LANGUAGE_STANDARD = "gnu++17";
				CLANG_ENABLE_MODULES = YES;
				CLANG_ENABLE_OBJC_ARC = YES;
				CLANG_ENABLE_OBJC_WEAK = YES;
				CLANG_WARN_BLOCK_CAPTURE_AUTORELEASING = YES;
				CLANG_WARN_BOOL_CONVERSION = YES;
				CLANG_WARN_COMMA = YES;
				CLANG_WARN_CONSTANT_CONVERSION = YES;
				CLANG_WARN_DEPRECATED_OBJC_IMPLEMENTATIONS = YES;
				CLANG_WARN_DIRECT_OBJC_ISA_USAGE = YES_ERROR;
				CLANG_WARN_DOCUMENTATION_COMMENTS = YES;
				CLANG_WARN_EMPTY_BODY = YES;
				CLANG_WARN_ENUM_CONVERSION = YES;
				CLANG_WARN_INFINITE_RECURSION = YES;
				CLANG_WARN_INT_CONVERSION = YES;
				CLANG_WARN_NON_LITERAL_NULL_CONVERSION = YES;
				CLANG_WARN_OBJC_IMPLICIT_RETAIN_SELF = YES;
				CLANG_WARN_OBJC_LITERAL_CONVERSION = YES;
				CLANG_WARN_OBJC_ROOT_CLASS = YES_ERROR;
				CLANG_WARN_QUOTED_INCLUDE_IN_FRAMEWORK_HEADER = YES;
				CLANG_WARN_RANGE_LOOP_ANALYSIS = YES;
				CLANG_WARN_STRICT_PROTOTYPES = YES;
				CLANG_WARN_SUSPICIOUS_MOVE = YES;
				CLANG_WARN_UNGUARDED_AVAILABILITY = YES_AGGRESSIVE;
				CLANG_WARN_UNREACHABLE_CODE = YES;
				CLANG_WARN__DUPLICATE_METHOD_MATCH = YES;
				COPY_PHASE_STRIP = NO;
				DEBUG_INFORMATION_FORMAT = dwarf;
				ENABLE_STRICT_OBJC_MSGSEND = YES;
				ENABLE_TESTABILITY = YES;
				GCC_C_LANGUAGE_STANDARD = gnu11;
				GCC_DYNAMIC_NO_PIC = NO;
				GCC_NO_COMMON_BLOCKS = YES;
				GCC_OPTIMIZATION_LEVEL = 0;
				GCC_PREPROCESSOR_DEFINITIONS = (
					"DEBUG=1",
					"$(inherited)",
				);
				GCC_WARN_64_TO_32_BIT_CONVERSION = YES;
				GCC_WARN_ABOUT_RETURN_TYPE = YES_ERROR;
				GCC_WARN_UNDECLARED_SELECTOR = YES;
				GCC_WARN_UNINITIALIZED_AUTOS = YES_AGGRESSIVE;
				GCC_WARN_UNUSED_FUNCTION = YES;
				GCC_WARN_UNUSED_VARIABLE = YES;
				IPHONEOS_DEPLOYMENT_TARGET = 15.5;
				MTL_ENABLE_DEBUG_INFO = INCLUDE_SOURCE;
				MTL_FAST_MATH = YES;
				ONLY_ACTIVE_ARCH = YES;
				SDKROOT = iphoneos;
				SWIFT_ACTIVE_COMPILATION_CONDITIONS = DEBUG;
				SWIFT_OPTIMIZATION_LEVEL = "-Onone";
			};
			name = Debug;
		};
		8B896EF428C0E4AA00B9815E /* Release */ = {
			isa = XCBuildConfiguration;
			buildSettings = {
				ALWAYS_SEARCH_USER_PATHS = NO;
				CLANG_ANALYZER_NONNULL = YES;
				CLANG_ANALYZER_NUMBER_OBJECT_CONVERSION = YES_AGGRESSIVE;
				CLANG_CXX_LANGUAGE_STANDARD = "gnu++17";
				CLANG_ENABLE_MODULES = YES;
				CLANG_ENABLE_OBJC_ARC = YES;
				CLANG_ENABLE_OBJC_WEAK = YES;
				CLANG_WARN_BLOCK_CAPTURE_AUTORELEASING = YES;
				CLANG_WARN_BOOL_CONVERSION = YES;
				CLANG_WARN_COMMA = YES;
				CLANG_WARN_CONSTANT_CONVERSION = YES;
				CLANG_WARN_DEPRECATED_OBJC_IMPLEMENTATIONS = YES;
				CLANG_WARN_DIRECT_OBJC_ISA_USAGE = YES_ERROR;
				CLANG_WARN_DOCUMENTATION_COMMENTS = YES;
				CLANG_WARN_EMPTY_BODY = YES;
				CLANG_WARN_ENUM_CONVERSION = YES;
				CLANG_WARN_INFINITE_RECURSION = YES;
				CLANG_WARN_INT_CONVERSION = YES;
				CLANG_WARN_NON_LITERAL_NULL_CONVERSION = YES;
				CLANG_WARN_OBJC_IMPLICIT_RETAIN_SELF = YES;
				CLANG_WARN_OBJC_LITERAL_CONVERSION = YES;
				CLANG_WARN_OBJC_ROOT_CLASS = YES_ERROR;
				CLANG_WARN_QUOTED_INCLUDE_IN_FRAMEWORK_HEADER = YES;
				CLANG_WARN_RANGE_LOOP_ANALYSIS = YES;
				CLANG_WARN_STRICT_PROTOTYPES = YES;
				CLANG_WARN_SUSPICIOUS_MOVE = YES;
				CLANG_WARN_UNGUARDED_AVAILABILITY = YES_AGGRESSIVE;
				CLANG_WARN_UNREACHABLE_CODE = YES;
				CLANG_WARN__DUPLICATE_METHOD_MATCH = YES;
				COPY_PHASE_STRIP = NO;
				DEBUG_INFORMATION_FORMAT = "dwarf-with-dsym";
				ENABLE_NS_ASSERTIONS = NO;
				ENABLE_STRICT_OBJC_MSGSEND = YES;
				GCC_C_LANGUAGE_STANDARD = gnu11;
				GCC_NO_COMMON_BLOCKS = YES;
				GCC_WARN_64_TO_32_BIT_CONVERSION = YES;
				GCC_WARN_ABOUT_RETURN_TYPE = YES_ERROR;
				GCC_WARN_UNDECLARED_SELECTOR = YES;
				GCC_WARN_UNINITIALIZED_AUTOS = YES_AGGRESSIVE;
				GCC_WARN_UNUSED_FUNCTION = YES;
				GCC_WARN_UNUSED_VARIABLE = YES;
				IPHONEOS_DEPLOYMENT_TARGET = 15.5;
				MTL_ENABLE_DEBUG_INFO = NO;
				MTL_FAST_MATH = YES;
				SDKROOT = iphoneos;
				SWIFT_COMPILATION_MODE = wholemodule;
				SWIFT_OPTIMIZATION_LEVEL = "-O";
				VALIDATE_PRODUCT = YES;
			};
			name = Release;
		};
		8B896EF628C0E4AA00B9815E /* Debug */ = {
			isa = XCBuildConfiguration;
			buildSettings = {
				ASSETCATALOG_COMPILER_APPICON_NAME = AppIcon;
				ASSETCATALOG_COMPILER_GLOBAL_ACCENT_COLOR_NAME = AccentColor;
				CODE_SIGN_STYLE = Automatic;
				CURRENT_PROJECT_VERSION = 1;
				DEVELOPMENT_ASSET_PATHS = "\"Devote/Preview Content\"";
				DEVELOPMENT_TEAM = VQ6DKJUV35;
				ENABLE_PREVIEWS = YES;
				GENERATE_INFOPLIST_FILE = YES;
				INFOPLIST_FILE = Devote/Info.plist;
				INFOPLIST_KEY_UIApplicationSceneManifest_Generation = YES;
				INFOPLIST_KEY_UIApplicationSupportsIndirectInputEvents = YES;
				INFOPLIST_KEY_UISupportedInterfaceOrientations = UIInterfaceOrientationPortrait;
				INFOPLIST_KEY_UISupportedInterfaceOrientations_iPad = "UIInterfaceOrientationPortrait UIInterfaceOrientationPortraitUpsideDown UIInterfaceOrientationLandscapeLeft UIInterfaceOrientationLandscapeRight";
				INFOPLIST_KEY_UISupportedInterfaceOrientations_iPhone = "UIInterfaceOrientationPortrait UIInterfaceOrientationLandscapeLeft UIInterfaceOrientationLandscapeRight";
				LD_RUNPATH_SEARCH_PATHS = (
					"$(inherited)",
					"@executable_path/Frameworks",
				);
				MARKETING_VERSION = 1.0;
				PRODUCT_BUNDLE_IDENTIFIER = farvalho.Devote;
				PRODUCT_NAME = "$(TARGET_NAME)";
				SWIFT_EMIT_LOC_STRINGS = YES;
				SWIFT_VERSION = 5.0;
				TARGETED_DEVICE_FAMILY = "1,2";
			};
			name = Debug;
		};
		8B896EF728C0E4AA00B9815E /* Release */ = {
			isa = XCBuildConfiguration;
			buildSettings = {
				ASSETCATALOG_COMPILER_APPICON_NAME = AppIcon;
				ASSETCATALOG_COMPILER_GLOBAL_ACCENT_COLOR_NAME = AccentColor;
				CODE_SIGN_STYLE = Automatic;
				CURRENT_PROJECT_VERSION = 1;
				DEVELOPMENT_ASSET_PATHS = "\"Devote/Preview Content\"";
				DEVELOPMENT_TEAM = VQ6DKJUV35;
				ENABLE_PREVIEWS = YES;
				GENERATE_INFOPLIST_FILE = YES;
				INFOPLIST_FILE = Devote/Info.plist;
				INFOPLIST_KEY_UIApplicationSceneManifest_Generation = YES;
				INFOPLIST_KEY_UIApplicationSupportsIndirectInputEvents = YES;
				INFOPLIST_KEY_UISupportedInterfaceOrientations = UIInterfaceOrientationPortrait;
				INFOPLIST_KEY_UISupportedInterfaceOrientations_iPad = "UIInterfaceOrientationPortrait UIInterfaceOrientationPortraitUpsideDown UIInterfaceOrientationLandscapeLeft UIInterfaceOrientationLandscapeRight";
				INFOPLIST_KEY_UISupportedInterfaceOrientations_iPhone = "UIInterfaceOrientationPortrait UIInterfaceOrientationLandscapeLeft UIInterfaceOrientationLandscapeRight";
				LD_RUNPATH_SEARCH_PATHS = (
					"$(inherited)",
					"@executable_path/Frameworks",
				);
				MARKETING_VERSION = 1.0;
				PRODUCT_BUNDLE_IDENTIFIER = farvalho.Devote;
				PRODUCT_NAME = "$(TARGET_NAME)";
				SWIFT_EMIT_LOC_STRINGS = YES;
				SWIFT_VERSION = 5.0;
				TARGETED_DEVICE_FAMILY = "1,2";
			};
			name = Release;
		};
/* End XCBuildConfiguration section */

/* Begin XCConfigurationList section */
		8B896EDD28C0E4A600B9815E /* Build configuration list for PBXProject "Devote" */ = {
			isa = XCConfigurationList;
			buildConfigurations = (
				8B896EF328C0E4AA00B9815E /* Debug */,
				8B896EF428C0E4AA00B9815E /* Release */,
			);
			defaultConfigurationIsVisible = 0;
			defaultConfigurationName = Release;
		};
		8B896EF528C0E4AA00B9815E /* Build configuration list for PBXNativeTarget "Devote" */ = {
			isa = XCConfigurationList;
			buildConfigurations = (
				8B896EF628C0E4AA00B9815E /* Debug */,
				8B896EF728C0E4AA00B9815E /* Release */,
			);
			defaultConfigurationIsVisible = 0;
			defaultConfigurationName = Release;
		};
/* End XCConfigurationList section */

/* Begin XCVersionGroup section */
		8B896EF028C0E4AA00B9815E /* Devote.xcdatamodeld */ = {
			isa = XCVersionGroup;
			children = (
				8B896EF128C0E4AA00B9815E /* Devote.xcdatamodel */,
			);
			currentVersion = 8B896EF128C0E4AA00B9815E /* Devote.xcdatamodel */;
			path = Devote.xcdatamodeld;
			sourceTree = "<group>";
			versionGroupType = wrapper.xcdatamodel;
		};
/* End XCVersionGroup section */
	};
	rootObject = 8B896EDA28C0E4A600B9815E /* Project object */;
}
